
Microsoft Visual Studio Solution File, Format Version 12.00
# Visual Studio 14
VisualStudioVersion = 14.0.25420.1
MinimumVisualStudioVersion = 10.0.40219.1
Project("{FAE04EC0-301F-11D3-BF4B-00C04F79EFBC}") = "devoctomy.funk.core", "devoctomy.funk.core\devoctomy.funk.core.csproj", "{CB86D15B-E514-46B5-BCE7-6AEF9C53D699}"
EndProject
Project("{FAE04EC0-301F-11D3-BF4B-00C04F79EFBC}") = "devoctomy.funk.core.tests", "devoctomy.funk.core.tests\devoctomy.funk.core.tests.csproj", "{A0B0BAE3-1DA3-420C-9161-136CBACF9B67}"
EndProject
Project("{FAE04EC0-301F-11D3-BF4B-00C04F79EFBC}") = "devoctomy.funk.client", "devoctomy.funk.client\devoctomy.funk.client.csproj", "{F1C951CE-1C9D-49B4-9EA6-11A17A4C92C1}"
EndProject
Project("{FAE04EC0-301F-11D3-BF4B-00C04F79EFBC}") = "devoctomy.funk.client.test", "devoctomy.funk.client.test\devoctomy.funk.client.test.csproj", "{A97BF488-96E4-4B1E-9F9C-F4041A8BDB87}"
EndProject
Global
	GlobalSection(SolutionConfigurationPlatforms) = preSolution
		Debug|Any CPU = Debug|Any CPU
		Debug|ARM = Debug|ARM
		Debug|x64 = Debug|x64
		Debug|x86 = Debug|x86
		Release|Any CPU = Release|Any CPU
		Release|ARM = Release|ARM
		Release|x64 = Release|x64
		Release|x86 = Release|x86
	EndGlobalSection
	GlobalSection(ProjectConfigurationPlatforms) = postSolution
		{CB86D15B-E514-46B5-BCE7-6AEF9C53D699}.Debug|Any CPU.ActiveCfg = Debug|Any CPU
		{CB86D15B-E514-46B5-BCE7-6AEF9C53D699}.Debug|Any CPU.Build.0 = Debug|Any CPU
		{CB86D15B-E514-46B5-BCE7-6AEF9C53D699}.Debug|ARM.ActiveCfg = Debug|Any CPU
		{CB86D15B-E514-46B5-BCE7-6AEF9C53D699}.Debug|ARM.Build.0 = Debug|Any CPU
		{CB86D15B-E514-46B5-BCE7-6AEF9C53D699}.Debug|x64.ActiveCfg = Debug|Any CPU
		{CB86D15B-E514-46B5-BCE7-6AEF9C53D699}.Debug|x64.Build.0 = Debug|Any CPU
		{CB86D15B-E514-46B5-BCE7-6AEF9C53D699}.Debug|x86.ActiveCfg = Debug|Any CPU
		{CB86D15B-E514-46B5-BCE7-6AEF9C53D699}.Debug|x86.Build.0 = Debug|Any CPU
		{CB86D15B-E514-46B5-BCE7-6AEF9C53D699}.Release|Any CPU.ActiveCfg = Release|Any CPU
		{CB86D15B-E514-46B5-BCE7-6AEF9C53D699}.Release|Any CPU.Build.0 = Release|Any CPU
		{CB86D15B-E514-46B5-BCE7-6AEF9C53D699}.Release|ARM.ActiveCfg = Release|Any CPU
		{CB86D15B-E514-46B5-BCE7-6AEF9C53D699}.Release|ARM.Build.0 = Release|Any CPU
		{CB86D15B-E514-46B5-BCE7-6AEF9C53D699}.Release|x64.ActiveCfg = Release|Any CPU
		{CB86D15B-E514-46B5-BCE7-6AEF9C53D699}.Release|x64.Build.0 = Release|Any CPU
		{CB86D15B-E514-46B5-BCE7-6AEF9C53D699}.Release|x86.ActiveCfg = Release|Any CPU
		{CB86D15B-E514-46B5-BCE7-6AEF9C53D699}.Release|x86.Build.0 = Release|Any CPU
		{A0B0BAE3-1DA3-420C-9161-136CBACF9B67}.Debug|Any CPU.ActiveCfg = Debug|Any CPU
		{A0B0BAE3-1DA3-420C-9161-136CBACF9B67}.Debug|Any CPU.Build.0 = Debug|Any CPU
		{A0B0BAE3-1DA3-420C-9161-136CBACF9B67}.Debug|ARM.ActiveCfg = Debug|Any CPU
		{A0B0BAE3-1DA3-420C-9161-136CBACF9B67}.Debug|ARM.Build.0 = Debug|Any CPU
		{A0B0BAE3-1DA3-420C-9161-136CBACF9B67}.Debug|x64.ActiveCfg = Debug|Any CPU
		{A0B0BAE3-1DA3-420C-9161-136CBACF9B67}.Debug|x64.Build.0 = Debug|Any CPU
		{A0B0BAE3-1DA3-420C-9161-136CBACF9B67}.Debug|x86.ActiveCfg = Debug|Any CPU
		{A0B0BAE3-1DA3-420C-9161-136CBACF9B67}.Debug|x86.Build.0 = Debug|Any CPU
		{A0B0BAE3-1DA3-420C-9161-136CBACF9B67}.Release|Any CPU.ActiveCfg = Release|Any CPU
		{A0B0BAE3-1DA3-420C-9161-136CBACF9B67}.Release|Any CPU.Build.0 = Release|Any CPU
		{A0B0BAE3-1DA3-420C-9161-136CBACF9B67}.Release|ARM.ActiveCfg = Release|Any CPU
		{A0B0BAE3-1DA3-420C-9161-136CBACF9B67}.Release|ARM.Build.0 = Release|Any CPU
		{A0B0BAE3-1DA3-420C-9161-136CBACF9B67}.Release|x64.ActiveCfg = Release|Any CPU
		{A0B0BAE3-1DA3-420C-9161-136CBACF9B67}.Release|x64.Build.0 = Release|Any CPU
		{A0B0BAE3-1DA3-420C-9161-136CBACF9B67}.Release|x86.ActiveCfg = Release|Any CPU
		{A0B0BAE3-1DA3-420C-9161-136CBACF9B67}.Release|x86.Build.0 = Release|Any CPU
		{F1C951CE-1C9D-49B4-9EA6-11A17A4C92C1}.Debug|Any CPU.ActiveCfg = Debug|Any CPU
		{F1C951CE-1C9D-49B4-9EA6-11A17A4C92C1}.Debug|Any CPU.Build.0 = Debug|Any CPU
		{F1C951CE-1C9D-49B4-9EA6-11A17A4C92C1}.Debug|ARM.ActiveCfg = Debug|ARM
		{F1C951CE-1C9D-49B4-9EA6-11A17A4C92C1}.Debug|ARM.Build.0 = Debug|ARM
		{F1C951CE-1C9D-49B4-9EA6-11A17A4C92C1}.Debug|x64.ActiveCfg = Debug|x64
		{F1C951CE-1C9D-49B4-9EA6-11A17A4C92C1}.Debug|x64.Build.0 = Debug|x64
		{F1C951CE-1C9D-49B4-9EA6-11A17A4C92C1}.Debug|x86.ActiveCfg = Debug|x86
		{F1C951CE-1C9D-49B4-9EA6-11A17A4C92C1}.Debug|x86.Build.0 = Debug|x86
		{F1C951CE-1C9D-49B4-9EA6-11A17A4C92C1}.Release|Any CPU.ActiveCfg = Release|Any CPU
		{F1C951CE-1C9D-49B4-9EA6-11A17A4C92C1}.Release|Any CPU.Build.0 = Release|Any CPU
		{F1C951CE-1C9D-49B4-9EA6-11A17A4C92C1}.Release|ARM.ActiveCfg = Release|ARM
		{F1C951CE-1C9D-49B4-9EA6-11A17A4C92C1}.Release|ARM.Build.0 = Release|ARM
		{F1C951CE-1C9D-49B4-9EA6-11A17A4C92C1}.Release|x64.ActiveCfg = Release|x64
		{F1C951CE-1C9D-49B4-9EA6-11A17A4C92C1}.Release|x64.Build.0 = Release|x64
		{F1C951CE-1C9D-49B4-9EA6-11A17A4C92C1}.Release|x86.ActiveCfg = Release|x86
		{F1C951CE-1C9D-49B4-9EA6-11A17A4C92C1}.Release|x86.Build.0 = Release|x86
		{A97BF488-96E4-4B1E-9F9C-F4041A8BDB87}.Debug|Any CPU.ActiveCfg = Debug|x86
		{A97BF488-96E4-4B1E-9F9C-F4041A8BDB87}.Debug|ARM.ActiveCfg = Debug|ARM
		{A97BF488-96E4-4B1E-9F9C-F4041A8BDB87}.Debug|ARM.Build.0 = Debug|ARM
		{A97BF488-96E4-4B1E-9F9C-F4041A8BDB87}.Debug|ARM.Deploy.0 = Debug|ARM
		{A97BF488-96E4-4B1E-9F9C-F4041A8BDB87}.Debug|x64.ActiveCfg = Debug|x64
		{A97BF488-96E4-4B1E-9F9C-F4041A8BDB87}.Debug|x64.Build.0 = Debug|x64
		{A97BF488-96E4-4B1E-9F9C-F4041A8BDB87}.Debug|x64.Deploy.0 = Debug|x64
		{A97BF488-96E4-4B1E-9F9C-F4041A8BDB87}.Debug|x86.ActiveCfg = Debug|x86
		{A97BF488-96E4-4B1E-9F9C-F4041A8BDB87}.Debug|x86.Build.0 = Debug|x86
		{A97BF488-96E4-4B1E-9F9C-F4041A8BDB87}.Debug|x86.Deploy.0 = Debug|x86
		{A97BF488-96E4-4B1E-9F9C-F4041A8BDB87}.Release|Any CPU.ActiveCfg = Release|x86
		{A97BF488-96E4-4B1E-9F9C-F4041A8BDB87}.Release|ARM.ActiveCfg = Release|ARM
		{A97BF488-96E4-4B1E-9F9C-F4041A8BDB87}.Release|ARM.Build.0 = Release|ARM
		{A97BF488-96E4-4B1E-9F9C-F4041A8BDB87}.Release|ARM.Deploy.0 = Release|ARM
		{A97BF488-96E4-4B1E-9F9C-F4041A8BDB87}.Release|x64.ActiveCfg = Release|x64
		{A97BF488-96E4-4B1E-9F9C-F4041A8BDB87}.Release|x64.Build.0 = Release|x64
		{A97BF488-96E4-4B1E-9F9C-F4041A8BDB87}.Release|x64.Deploy.0 = Release|x64
		{A97BF488-96E4-4B1E-9F9C-F4041A8BDB87}.Release|x86.ActiveCfg = Release|x86
		{A97BF488-96E4-4B1E-9F9C-F4041A8BDB87}.Release|x86.Build.0 = Release|x86
		{A97BF488-96E4-4B1E-9F9C-F4041A8BDB87}.Release|x86.Deploy.0 = Release|x86
	EndGlobalSection
	GlobalSection(SolutionProperties) = preSolution
		HideSolutionNode = FALSE
	EndGlobalSection
EndGlobal
